
Microsoft Visual Studio Solution File, Format Version 12.00
# Visual Studio Version 16
VisualStudioVersion = 16.0.30523.141
MinimumVisualStudioVersion = 10.0.40219.1
Project("{FAE04EC0-301F-11D3-BF4B-00C04F79EFBC}") = "DotDll.Presentation", "DotDll.Presentation\DotDll.Presentation.csproj", "{618AE120-34A9-4D96-B618-8B6414855ACA}"
EndProject
Global
	GlobalSection(SolutionConfigurationPlatforms) = preSolution
		Debug|Any CPU = Debug|Any CPU
		Release|Any CPU = Release|Any CPU
	EndGlobalSection
	GlobalSection(ProjectConfigurationPlatforms) = postSolution
		{618AE120-34A9-4D96-B618-8B6414855ACA}.Debug|Any CPU.ActiveCfg = Debug|Any CPU
		{618AE120-34A9-4D96-B618-8B6414855ACA}.Debug|Any CPU.Build.0 = Debug|Any CPU
		{618AE120-34A9-4D96-B618-8B6414855ACA}.Release|Any CPU.ActiveCfg = Release|Any CPU
		{618AE120-34A9-4D96-B618-8B6414855ACA}.Release|Any CPU.Build.0 = Release|Any CPU
	EndGlobalSection
	GlobalSection(SolutionProperties) = preSolution
		HideSolutionNode = FALSE
	EndGlobalSection
	GlobalSection(ExtensibilityGlobals) = postSolution
		SolutionGuid = {1C7C8825-4849-4A5D-B614-E2F6DD85B4A3}
	EndGlobalSection
EndGlobal
